// !$*UTF8*$!
{
	archiveVersion = 1;
	classes = {
	};
	objectVersion = 55;
	objects = {

/* Begin PBXBuildFile section */
		378BB983280075390079F78C /* GeneralUserViewController.swift in Sources */ = {isa = PBXBuildFile; fileRef = 378BB982280075390079F78C /* GeneralUserViewController.swift */; };
		378BB985280075660079F78C /* VolunteerViewController.swift in Sources */ = {isa = PBXBuildFile; fileRef = 378BB984280075660079F78C /* VolunteerViewController.swift */; };
		378BB987280076D80079F78C /* Buildings.swift in Sources */ = {isa = PBXBuildFile; fileRef = 378BB986280076D80079F78C /* Buildings.swift */; };
		378BB98928007DCF0079F78C /* BuildingWebViewController.swift in Sources */ = {isa = PBXBuildFile; fileRef = 378BB98828007DCF0079F78C /* BuildingWebViewController.swift */; };
		378BB98D28010E7B0079F78C /* Student.swift in Sources */ = {isa = PBXBuildFile; fileRef = 378BB98C28010E7B0079F78C /* Student.swift */; };
		37A4326F28006C14009FE104 /* AppDelegate.swift in Sources */ = {isa = PBXBuildFile; fileRef = 37A4326E28006C14009FE104 /* AppDelegate.swift */; };
		37A4327128006C14009FE104 /* SceneDelegate.swift in Sources */ = {isa = PBXBuildFile; fileRef = 37A4327028006C14009FE104 /* SceneDelegate.swift */; };
		37A4327328006C14009FE104 /* ViewController.swift in Sources */ = {isa = PBXBuildFile; fileRef = 37A4327228006C14009FE104 /* ViewController.swift */; };
		37A4327628006C14009FE104 /* Main.storyboard in Resources */ = {isa = PBXBuildFile; fileRef = 37A4327428006C14009FE104 /* Main.storyboard */; };
		37A4327828006C17009FE104 /* Assets.xcassets in Resources */ = {isa = PBXBuildFile; fileRef = 37A4327728006C17009FE104 /* Assets.xcassets */; };
		37A4327B28006C17009FE104 /* LaunchScreen.storyboard in Resources */ = {isa = PBXBuildFile; fileRef = 37A4327928006C17009FE104 /* LaunchScreen.storyboard */; };
/* End PBXBuildFile section */

/* Begin PBXFileReference section */
		378BB982280075390079F78C /* GeneralUserViewController.swift */ = {isa = PBXFileReference; lastKnownFileType = sourcecode.swift; path = GeneralUserViewController.swift; sourceTree = "<group>"; };
		378BB984280075660079F78C /* VolunteerViewController.swift */ = {isa = PBXFileReference; lastKnownFileType = sourcecode.swift; path = VolunteerViewController.swift; sourceTree = "<group>"; };
		378BB986280076D80079F78C /* Buildings.swift */ = {isa = PBXFileReference; lastKnownFileType = sourcecode.swift; path = Buildings.swift; sourceTree = "<group>"; };
		378BB98828007DCF0079F78C /* BuildingWebViewController.swift */ = {isa = PBXFileReference; lastKnownFileType = sourcecode.swift; path = BuildingWebViewController.swift; sourceTree = "<group>"; };
		378BB98C28010E7B0079F78C /* Student.swift */ = {isa = PBXFileReference; lastKnownFileType = sourcecode.swift; path = Student.swift; sourceTree = "<group>"; };
		37A4326B28006C14009FE104 /* BJUT-entry-registration.app */ = {isa = PBXFileReference; explicitFileType = wrapper.application; includeInIndex = 0; path = "BJUT-entry-registration.app"; sourceTree = BUILT_PRODUCTS_DIR; };
		37A4326E28006C14009FE104 /* AppDelegate.swift */ = {isa = PBXFileReference; lastKnownFileType = sourcecode.swift; path = AppDelegate.swift; sourceTree = "<group>"; };
		37A4327028006C14009FE104 /* SceneDelegate.swift */ = {isa = PBXFileReference; lastKnownFileType = sourcecode.swift; path = SceneDelegate.swift; sourceTree = "<group>"; };
		37A4327228006C14009FE104 /* ViewController.swift */ = {isa = PBXFileReference; lastKnownFileType = sourcecode.swift; path = ViewController.swift; sourceTree = "<group>"; };
		37A4327528006C14009FE104 /* Base */ = {isa = PBXFileReference; lastKnownFileType = file.storyboard; name = Base; path = Base.lproj/Main.storyboard; sourceTree = "<group>"; };
		37A4327728006C17009FE104 /* Assets.xcassets */ = {isa = PBXFileReference; lastKnownFileType = folder.assetcatalog; path = Assets.xcassets; sourceTree = "<group>"; };
		37A4327A28006C17009FE104 /* Base */ = {isa = PBXFileReference; lastKnownFileType = file.storyboard; name = Base; path = Base.lproj/LaunchScreen.storyboard; sourceTree = "<group>"; };
		37A4327C28006C17009FE104 /* Info.plist */ = {isa = PBXFileReference; lastKnownFileType = text.plist.xml; path = Info.plist; sourceTree = "<group>"; };
/* End PBXFileReference section */

/* Begin PBXFrameworksBuildPhase section */
		37A4326828006C14009FE104 /* Frameworks */ = {
			isa = PBXFrameworksBuildPhase;
			buildActionMask = 2147483647;
			files = (
			);
			runOnlyForDeploymentPostprocessing = 0;
		};
/* End PBXFrameworksBuildPhase section */

/* Begin PBXGroup section */
		37A4326228006C14009FE104 = {
			isa = PBXGroup;
			children = (
				37A4326D28006C14009FE104 /* BJUT-entry-registration */,
				37A4326C28006C14009FE104 /* Products */,
			);
			sourceTree = "<group>";
		};
		37A4326C28006C14009FE104 /* Products */ = {
			isa = PBXGroup;
			children = (
				37A4326B28006C14009FE104 /* BJUT-entry-registration.app */,
			);
			name = Products;
			sourceTree = "<group>";
		};
		37A4326D28006C14009FE104 /* BJUT-entry-registration */ = {
			isa = PBXGroup;
			children = (
				37A4326E28006C14009FE104 /* AppDelegate.swift */,
				37A4327028006C14009FE104 /* SceneDelegate.swift */,
				378BB98C28010E7B0079F78C /* Student.swift */,
				37A4327228006C14009FE104 /* ViewController.swift */,
				378BB982280075390079F78C /* GeneralUserViewController.swift */,
				378BB986280076D80079F78C /* Buildings.swift */,
				37A4327428006C14009FE104 /* Main.storyboard */,
				378BB98828007DCF0079F78C /* BuildingWebViewController.swift */,
				378BB984280075660079F78C /* VolunteerViewController.swift */,
				37A4327728006C17009FE104 /* Assets.xcassets */,
				37A4327928006C17009FE104 /* LaunchScreen.storyboard */,
				37A4327C28006C17009FE104 /* Info.plist */,
			);
			path = "BJUT-entry-registration";
			sourceTree = "<group>";
		};
/* End PBXGroup section */

/* Begin PBXNativeTarget section */
		37A4326A28006C14009FE104 /* BJUT-entry-registration */ = {
			isa = PBXNativeTarget;
			buildConfigurationList = 37A4327F28006C17009FE104 /* Build configuration list for PBXNativeTarget "BJUT-entry-registration" */;
			buildPhases = (
				37A4326728006C14009FE104 /* Sources */,
				37A4326828006C14009FE104 /* Frameworks */,
				37A4326928006C14009FE104 /* Resources */,
			);
			buildRules = (
			);
			dependencies = (
			);
			name = "BJUT-entry-registration";
			productName = "BJUT-entry-registration";
			productReference = 37A4326B28006C14009FE104 /* BJUT-entry-registration.app */;
			productType = "com.apple.product-type.application";
		};
/* End PBXNativeTarget section */

/* Begin PBXProject section */
		37A4326328006C14009FE104 /* Project object */ = {
			isa = PBXProject;
			attributes = {
				BuildIndependentTargetsInParallel = 1;
				LastSwiftUpdateCheck = 1330;
				LastUpgradeCheck = 1330;
				TargetAttributes = {
					37A4326A28006C14009FE104 = {
						CreatedOnToolsVersion = 13.3;
					};
				};
			};
			buildConfigurationList = 37A4326628006C14009FE104 /* Build configuration list for PBXProject "BJUT-entry-registration" */;
			compatibilityVersion = "Xcode 13.0";
			developmentRegion = en;
			hasScannedForEncodings = 0;
			knownRegions = (
				en,
				Base,
			);
			mainGroup = 37A4326228006C14009FE104;
			productRefGroup = 37A4326C28006C14009FE104 /* Products */;
			projectDirPath = "";
			projectRoot = "";
			targets = (
				37A4326A28006C14009FE104 /* BJUT-entry-registration */,
			);
		};
/* End PBXProject section */

/* Begin PBXResourcesBuildPhase section */
		37A4326928006C14009FE104 /* Resources */ = {
			isa = PBXResourcesBuildPhase;
			buildActionMask = 2147483647;
			files = (
				37A4327B28006C17009FE104 /* LaunchScreen.storyboard in Resources */,
				37A4327828006C17009FE104 /* Assets.xcassets in Resources */,
				37A4327628006C14009FE104 /* Main.storyboard in Resources */,
			);
			runOnlyForDeploymentPostprocessing = 0;
		};
/* End PBXResourcesBuildPhase section */

/* Begin PBXSourcesBuildPhase section */
		37A4326728006C14009FE104 /* Sources */ = {
			isa = PBXSourcesBuildPhase;
			buildActionMask = 2147483647;
			files = (
				378BB983280075390079F78C /* GeneralUserViewController.swift in Sources */,
				37A4327328006C14009FE104 /* ViewController.swift in Sources */,
				378BB987280076D80079F78C /* Buildings.swift in Sources */,
				37A4326F28006C14009FE104 /* AppDelegate.swift in Sources */,
				378BB985280075660079F78C /* VolunteerViewController.swift in Sources */,
				378BB98928007DCF0079F78C /* BuildingWebViewController.swift in Sources */,
				37A4327128006C14009FE104 /* SceneDelegate.swift in Sources */,
				378BB98D28010E7B0079F78C /* Student.swift in Sources */,
			);
			runOnlyForDeploymentPostprocessing = 0;
		};
/* End PBXSourcesBuildPhase section */

/* Begin PBXVariantGroup section */
		37A4327428006C14009FE104 /* Main.storyboard */ = {
			isa = PBXVariantGroup;
			children = (
				37A4327528006C14009FE104 /* Base */,
			);
			name = Main.storyboard;
			sourceTree = "<group>";
		};
		37A4327928006C17009FE104 /* LaunchScreen.storyboard */ = {
			isa = PBXVariantGroup;
			children = (
				37A4327A28006C17009FE104 /* Base */,
			);
			name = LaunchScreen.storyboard;
			sourceTree = "<group>";
		};
/* End PBXVariantGroup section */

/* Begin XCBuildConfiguration section */
		37A4327D28006C17009FE104 /* Debug */ = {
			isa = XCBuildConfiguration;
			buildSettings = {
				ALWAYS_SEARCH_USER_PATHS = NO;
				CLANG_ANALYZER_NONNULL = YES;
				CLANG_ANALYZER_NUMBER_OBJECT_CONVERSION = YES_AGGRESSIVE;
				CLANG_CXX_LANGUAGE_STANDARD = "gnu++17";
				CLANG_ENABLE_MODULES = YES;
				CLANG_ENABLE_OBJC_ARC = YES;
				CLANG_ENABLE_OBJC_WEAK = YES;
				CLANG_WARN_BLOCK_CAPTURE_AUTORELEASING = YES;
				CLANG_WARN_BOOL_CONVERSION = YES;
				CLANG_WARN_COMMA = YES;
				CLANG_WARN_CONSTANT_CONVERSION = YES;
				CLANG_WARN_DEPRECATED_OBJC_IMPLEMENTATIONS = YES;
				CLANG_WARN_DIRECT_OBJC_ISA_USAGE = YES_ERROR;
				CLANG_WARN_DOCUMENTATION_COMMENTS = YES;
				CLANG_WARN_EMPTY_BODY = YES;
				CLANG_WARN_ENUM_CONVERSION = YES;
				CLANG_WARN_INFINITE_RECURSION = YES;
				CLANG_WARN_INT_CONVERSION = YES;
				CLANG_WARN_NON_LITERAL_NULL_CONVERSION = YES;
				CLANG_WARN_OBJC_IMPLICIT_RETAIN_SELF = YES;
				CLANG_WARN_OBJC_LITERAL_CONVERSION = YES;
				CLANG_WARN_OBJC_ROOT_CLASS = YES_ERROR;
				CLANG_WARN_QUOTED_INCLUDE_IN_FRAMEWORK_HEADER = YES;
				CLANG_WARN_RANGE_LOOP_ANALYSIS = YES;
				CLANG_WARN_STRICT_PROTOTYPES = YES;
				CLANG_WARN_SUSPICIOUS_MOVE = YES;
				CLANG_WARN_UNGUARDED_AVAILABILITY = YES_AGGRESSIVE;
				CLANG_WARN_UNREACHABLE_CODE = YES;
				CLANG_WARN__DUPLICATE_METHOD_MATCH = YES;
				COPY_PHASE_STRIP = NO;
				DEBUG_INFORMATION_FORMAT = dwarf;
				ENABLE_STRICT_OBJC_MSGSEND = YES;
				ENABLE_TESTABILITY = YES;
				GCC_C_LANGUAGE_STANDARD = gnu11;
				GCC_DYNAMIC_NO_PIC = NO;
				GCC_NO_COMMON_BLOCKS = YES;
				GCC_OPTIMIZATION_LEVEL = 0;
				GCC_PREPROCESSOR_DEFINITIONS = (
					"DEBUG=1",
					"$(inherited)",
				);
				GCC_WARN_64_TO_32_BIT_CONVERSION = YES;
				GCC_WARN_ABOUT_RETURN_TYPE = YES_ERROR;
				GCC_WARN_UNDECLARED_SELECTOR = YES;
				GCC_WARN_UNINITIALIZED_AUTOS = YES_AGGRESSIVE;
				GCC_WARN_UNUSED_FUNCTION = YES;
				GCC_WARN_UNUSED_VARIABLE = YES;
				IPHONEOS_DEPLOYMENT_TARGET = 15.4;
				MTL_ENABLE_DEBUG_INFO = INCLUDE_SOURCE;
				MTL_FAST_MATH = YES;
				ONLY_ACTIVE_ARCH = YES;
				SDKROOT = iphoneos;
				SWIFT_ACTIVE_COMPILATION_CONDITIONS = DEBUG;
				SWIFT_OPTIMIZATION_LEVEL = "-Onone";
			};
			name = Debug;
		};
		37A4327E28006C17009FE104 /* Release */ = {
			isa = XCBuildConfiguration;
			buildSettings = {
				ALWAYS_SEARCH_USER_PATHS = NO;
				CLANG_ANALYZER_NONNULL = YES;
				CLANG_ANALYZER_NUMBER_OBJECT_CONVERSION = YES_AGGRESSIVE;
				CLANG_CXX_LANGUAGE_STANDARD = "gnu++17";
				CLANG_ENABLE_MODULES = YES;
				CLANG_ENABLE_OBJC_ARC = YES;
				CLANG_ENABLE_OBJC_WEAK = YES;
				CLANG_WARN_BLOCK_CAPTURE_AUTORELEASING = YES;
				CLANG_WARN_BOOL_CONVERSION = YES;
				CLANG_WARN_COMMA = YES;
				CLANG_WARN_CONSTANT_CONVERSION = YES;
				CLANG_WARN_DEPRECATED_OBJC_IMPLEMENTATIONS = YES;
				CLANG_WARN_DIRECT_OBJC_ISA_USAGE = YES_ERROR;
				CLANG_WARN_DOCUMENTATION_COMMENTS = YES;
				CLANG_WARN_EMPTY_BODY = YES;
				CLANG_WARN_ENUM_CONVERSION = YES;
				CLANG_WARN_INFINITE_RECURSION = YES;
				CLANG_WARN_INT_CONVERSION = YES;
				CLANG_WARN_NON_LITERAL_NULL_CONVERSION = YES;
				CLANG_WARN_OBJC_IMPLICIT_RETAIN_SELF = YES;
				CLANG_WARN_OBJC_LITERAL_CONVERSION = YES;
				CLANG_WARN_OBJC_ROOT_CLASS = YES_ERROR;
				CLANG_WARN_QUOTED_INCLUDE_IN_FRAMEWORK_HEADER = YES;
				CLANG_WARN_RANGE_LOOP_ANALYSIS = YES;
				CLANG_WARN_STRICT_PROTOTYPES = YES;
				CLANG_WARN_SUSPICIOUS_MOVE = YES;
				CLANG_WARN_UNGUARDED_AVAILABILITY = YES_AGGRESSIVE;
				CLANG_WARN_UNREACHABLE_CODE = YES;
				CLANG_WARN__DUPLICATE_METHOD_MATCH = YES;
				COPY_PHASE_STRIP = NO;
				DEBUG_INFORMATION_FORMAT = "dwarf-with-dsym";
				ENABLE_NS_ASSERTIONS = NO;
				ENABLE_STRICT_OBJC_MSGSEND = YES;
				GCC_C_LANGUAGE_STANDARD = gnu11;
				GCC_NO_COMMON_BLOCKS = YES;
				GCC_WARN_64_TO_32_BIT_CONVERSION = YES;
				GCC_WARN_ABOUT_RETURN_TYPE = YES_ERROR;
				GCC_WARN_UNDECLARED_SELECTOR = YES;
				GCC_WARN_UNINITIALIZED_AUTOS = YES_AGGRESSIVE;
				GCC_WARN_UNUSED_FUNCTION = YES;
				GCC_WARN_UNUSED_VARIABLE = YES;
				IPHONEOS_DEPLOYMENT_TARGET = 15.4;
				MTL_ENABLE_DEBUG_INFO = NO;
				MTL_FAST_MATH = YES;
				SDKROOT = iphoneos;
				SWIFT_COMPILATION_MODE = wholemodule;
				SWIFT_OPTIMIZATION_LEVEL = "-O";
				VALIDATE_PRODUCT = YES;
			};
			name = Release;
		};
		37A4328028006C17009FE104 /* Debug */ = {
			isa = XCBuildConfiguration;
			buildSettings = {
				ASSETCATALOG_COMPILER_APPICON_NAME = AppIcon;
				ASSETCATALOG_COMPILER_GLOBAL_ACCENT_COLOR_NAME = AccentColor;
				CODE_SIGN_STYLE = Automatic;
				CURRENT_PROJECT_VERSION = 1;
				DEVELOPMENT_TEAM = 4WN46VZ7RJ;
				GENERATE_INFOPLIST_FILE = YES;
				INFOPLIST_FILE = "BJUT-entry-registration/Info.plist";
				INFOPLIST_KEY_UIApplicationSupportsIndirectInputEvents = YES;
				INFOPLIST_KEY_UILaunchStoryboardName = LaunchScreen;
				INFOPLIST_KEY_UIMainStoryboardFile = Main;
				INFOPLIST_KEY_UISupportedInterfaceOrientations_iPad = "UIInterfaceOrientationPortrait UIInterfaceOrientationPortraitUpsideDown UIInterfaceOrientationLandscapeLeft UIInterfaceOrientationLandscapeRight";
				INFOPLIST_KEY_UISupportedInterfaceOrientations_iPhone = "UIInterfaceOrientationPortrait UIInterfaceOrientationLandscapeLeft UIInterfaceOrientationLandscapeRight";
				LD_RUNPATH_SEARCH_PATHS = (
					"$(inherited)",
					"@executable_path/Frameworks",
				);
				MARKETING_VERSION = 1.0;
				PRODUCT_BUNDLE_IDENTIFIER = "cn.xnlamp.BJUT-entry-registration";
				PRODUCT_NAME = "$(TARGET_NAME)";
				SWIFT_EMIT_LOC_STRINGS = YES;
				SWIFT_VERSION = 5.0;
				TARGETED_DEVICE_FAMILY = "1,2";
			};
			name = Debug;
		};
		37A4328128006C17009FE104 /* Release */ = {
			isa = XCBuildConfiguration;
			buildSettings = {
				ASSETCATALOG_COMPILER_APPICON_NAME = AppIcon;
				ASSETCATALOG_COMPILER_GLOBAL_ACCENT_COLOR_NAME = AccentColor;
				CODE_SIGN_STYLE = Automatic;
				CURRENT_PROJECT_VERSION = 1;
				DEVELOPMENT_TEAM = 4WN46VZ7RJ;
				GENERATE_INFOPLIST_FILE = YES;
				INFOPLIST_FILE = "BJUT-entry-registration/Info.plist";
				INFOPLIST_KEY_UIApplicationSupportsIndirectInputEvents = YES;
				INFOPLIST_KEY_UILaunchStoryboardName = LaunchScreen;
				INFOPLIST_KEY_UIMainStoryboardFile = Main;
				INFOPLIST_KEY_UISupportedInterfaceOrientations_iPad = "UIInterfaceOrientationPortrait UIInterfaceOrientationPortraitUpsideDown UIInterfaceOrientationLandscapeLeft UIInterfaceOrientationLandscapeRight";
				INFOPLIST_KEY_UISupportedInterfaceOrientations_iPhone = "UIInterfaceOrientationPortrait UIInterfaceOrientationLandscapeLeft UIInterfaceOrientationLandscapeRight";
				LD_RUNPATH_SEARCH_PATHS = (
					"$(inherited)",
					"@executable_path/Frameworks",
				);
				MARKETING_VERSION = 1.0;
				PRODUCT_BUNDLE_IDENTIFIER = "cn.xnlamp.BJUT-entry-registration";
				PRODUCT_NAME = "$(TARGET_NAME)";
				SWIFT_EMIT_LOC_STRINGS = YES;
				SWIFT_VERSION = 5.0;
				TARGETED_DEVICE_FAMILY = "1,2";
			};
			name = Release;
		};
/* End XCBuildConfiguration section */

/* Begin XCConfigurationList section */
		37A4326628006C14009FE104 /* Build configuration list for PBXProject "BJUT-entry-registration" */ = {
			isa = XCConfigurationList;
			buildConfigurations = (
				37A4327D28006C17009FE104 /* Debug */,
				37A4327E28006C17009FE104 /* Release */,
			);
			defaultConfigurationIsVisible = 0;
			defaultConfigurationName = Release;
		};
		37A4327F28006C17009FE104 /* Build configuration list for PBXNativeTarget "BJUT-entry-registration" */ = {
			isa = XCConfigurationList;
			buildConfigurations = (
				37A4328028006C17009FE104 /* Debug */,
				37A4328128006C17009FE104 /* Release */,
			);
			defaultConfigurationIsVisible = 0;
			defaultConfigurationName = Release;
		};
/* End XCConfigurationList section */
	};
	rootObject = 37A4326328006C14009FE104 /* Project object */;
}
